
Microsoft Visual Studio Solution File, Format Version 12.00
# Visual Studio Version 17
VisualStudioVersion = 17.2.32616.157
MinimumVisualStudioVersion = 10.0.40219.1
Project("{2150E333-8FDC-42A3-9474-1A3956D46DE8}") = ".nuget", ".nuget", "{1896DCB2-F456-4832-B101-C2C4CBB7575A}"
	ProjectSection(SolutionItems) = preProject
		.nuget\NuGet.Config = .nuget\NuGet.Config
		.nuget\NuGet.exe = .nuget\NuGet.exe
		.nuget\NuGet.targets = .nuget\NuGet.targets
	EndProjectSection
EndProject
Project("{2150E333-8FDC-42A3-9474-1A3956D46DE8}") = "Web", "Web", "{B33AF519-D00B-487D-8FC1-BABB76516AF1}"
EndProject
Project("{2150E333-8FDC-42A3-9474-1A3956D46DE8}") = "Tests", "Tests", "{A049304D-AC03-4E92-B557-2606DC9156AE}"
EndProject
Project("{FAE04EC0-301F-11D3-BF4B-00C04F79EFBC}") = "PaymentPortal.UITests", "PaymentPortal.UITests\PaymentPortal.UITests.csproj", "{0AD1F01E-E2E0-460B-B726-DC74A07E0A69}"
EndProject
Project("{FAE04EC0-301F-11D3-BF4B-00C04F79EFBC}") = "Admin", "Admin\Admin.csproj", "{1E73699C-4DEF-4E77-A96E-DA55C9A2FEDE}"
EndProject
Project("{2150E333-8FDC-42A3-9474-1A3956D46DE8}") = "Solution Items", "Solution Items", "{D708A8BA-BFB2-4FBD-8136-815F349DF016}"
	ProjectSection(SolutionItems) = preProject
		..\azure-pipelines.yml = ..\azure-pipelines.yml
		CodeCoverage.runsettings = CodeCoverage.runsettings
		..\README.md = ..\README.md
		Test.runsettings = Test.runsettings
	EndProjectSection
EndProject
Project("{2150E333-8FDC-42A3-9474-1A3956D46DE8}") = "Data Access", "Data Access", "{C1CC249B-DC23-4751-B53E-BA60DC7B9669}"
EndProject
Project("{2150E333-8FDC-42A3-9474-1A3956D46DE8}") = "Business Logic", "Business Logic", "{1E3C6E1A-EEA4-45E1-A685-0A9278545FCE}"
EndProject
Project("{FAE04EC0-301F-11D3-BF4B-00C04F79EFBC}") = "DataAccess", "DataAccess\DataAccess.csproj", "{F96878FB-5DA3-4A0A-A2BE-655C475647F1}"
EndProject
Project("{FAE04EC0-301F-11D3-BF4B-00C04F79EFBC}") = "BusinessLogic", "BusinessLogic\BusinessLogic.csproj", "{C12A7783-201A-41D3-88AD-E68C3ED135BD}"
EndProject
Project("{FAE04EC0-301F-11D3-BF4B-00C04F79EFBC}") = "BusinessLogic.UnitTests", "BusinessLogic.UnitTests\BusinessLogic.UnitTests.csproj", "{59C44EB9-EC12-4D61-828D-23E9D83873D0}"
EndProject
Project("{FAE04EC0-301F-11D3-BF4B-00C04F79EFBC}") = "Admin.UITests", "Admin.UITests\Admin.UITests.csproj", "{AEDED15E-FDE8-4D19-A593-CB47BEFD0287}"
EndProject
Project("{2150E333-8FDC-42A3-9474-1A3956D46DE8}") = "Common", "Common", "{73FD6C71-CB3A-4C75-9136-4D2D3CAC0E1C}"
EndProject
Project("{FAE04EC0-301F-11D3-BF4B-00C04F79EFBC}") = "Web", "Web\Web.csproj", "{1FBE03F4-8FBC-44EF-BD58-A8F6DCD8F64E}"
EndProject
Project("{FAE04EC0-301F-11D3-BF4B-00C04F79EFBC}") = "Web.UnitTests", "Web.UnitTests\Web.UnitTests.csproj", "{EEEC2992-16F8-4360-A270-D81F06397928}"
EndProject
Project("{FAE04EC0-301F-11D3-BF4B-00C04F79EFBC}") = "Api", "Api\Api.csproj", "{48C5FB3D-F59B-479B-8A77-93244E4A40BC}"
EndProject
Project("{FAE04EC0-301F-11D3-BF4B-00C04F79EFBC}") = "PaymentPortal", "PaymentPortal\PaymentPortal.csproj", "{3A0CF571-B221-4FE4-A3AE-6B042C40F268}"
EndProject
Project("{FAE04EC0-301F-11D3-BF4B-00C04F79EFBC}") = "Admin.UnitTests", "Admin.UnitTests\Admin.UnitTests.csproj", "{F3C5906A-DAFD-49A0-A71E-AB0E3E8AF9CE}"
EndProject
Project("{2150E333-8FDC-42A3-9474-1A3956D46DE8}") = "docs", "docs", "{6CD1B341-B920-4DA9-8DCD-70DD88BD946C}"
	ProjectSection(SolutionItems) = preProject
		..\docs\adding-a-payment-integration.md = ..\docs\adding-a-payment-integration.md
		..\docs\application-settings.md = ..\docs\application-settings.md
		..\docs\creating-an-api-client-from-an-openapi-specification.md = ..\docs\creating-an-api-client-from-an-openapi-specification.md
		..\docs\creating-an-api-client.md = ..\docs\creating-an-api-client.md
		..\docs\database-initialisation-and-seed-data.md = ..\docs\database-initialisation-and-seed-data.md
		..\docs\database-migrations.md = ..\docs\database-migrations.md
		..\docs\generating-an-openapi-spec-for-the-localgov-ims-api.md = ..\docs\generating-an-openapi-spec-for-the-localgov-ims-api.md
		..\docs\metadata-fund.md = ..\docs\metadata-fund.md
		..\docs\metadata-method-of-payment.md = ..\docs\metadata-method-of-payment.md
		..\docs\metadata-vat.md = ..\docs\metadata-vat.md
		..\docs\metadata.md = ..\docs\metadata.md
		..\docs\packaging-your-api-client.md = ..\docs\packaging-your-api-client.md
		..\docs\prerequisites.md = ..\docs\prerequisites.md
	EndProjectSection
EndProject
Global
	GlobalSection(SolutionConfigurationPlatforms) = preSolution
		Debug|Any CPU = Debug|Any CPU
		Development|Any CPU = Development|Any CPU
		Live|Any CPU = Live|Any CPU
		Local|Any CPU = Local|Any CPU
		Release|Any CPU = Release|Any CPU
		Test|Any CPU = Test|Any CPU
		UITest|Any CPU = UITest|Any CPU
	EndGlobalSection
	GlobalSection(ProjectConfigurationPlatforms) = postSolution
		{0AD1F01E-E2E0-460B-B726-DC74A07E0A69}.Debug|Any CPU.ActiveCfg = Debug|Any CPU
		{0AD1F01E-E2E0-460B-B726-DC74A07E0A69}.Debug|Any CPU.Build.0 = Debug|Any CPU
		{0AD1F01E-E2E0-460B-B726-DC74A07E0A69}.Development|Any CPU.ActiveCfg = Debug|Any CPU
		{0AD1F01E-E2E0-460B-B726-DC74A07E0A69}.Development|Any CPU.Build.0 = Debug|Any CPU
		{0AD1F01E-E2E0-460B-B726-DC74A07E0A69}.Live|Any CPU.ActiveCfg = Release|Any CPU
		{0AD1F01E-E2E0-460B-B726-DC74A07E0A69}.Live|Any CPU.Build.0 = Release|Any CPU
		{0AD1F01E-E2E0-460B-B726-DC74A07E0A69}.Local|Any CPU.ActiveCfg = Local|Any CPU
		{0AD1F01E-E2E0-460B-B726-DC74A07E0A69}.Local|Any CPU.Build.0 = Local|Any CPU
		{0AD1F01E-E2E0-460B-B726-DC74A07E0A69}.Release|Any CPU.ActiveCfg = Release|Any CPU
		{0AD1F01E-E2E0-460B-B726-DC74A07E0A69}.Release|Any CPU.Build.0 = Release|Any CPU
		{0AD1F01E-E2E0-460B-B726-DC74A07E0A69}.Test|Any CPU.ActiveCfg = Release|Any CPU
		{0AD1F01E-E2E0-460B-B726-DC74A07E0A69}.Test|Any CPU.Build.0 = Release|Any CPU
		{0AD1F01E-E2E0-460B-B726-DC74A07E0A69}.UITest|Any CPU.ActiveCfg = UITest|Any CPU
		{0AD1F01E-E2E0-460B-B726-DC74A07E0A69}.UITest|Any CPU.Build.0 = UITest|Any CPU
		{1E73699C-4DEF-4E77-A96E-DA55C9A2FEDE}.Debug|Any CPU.ActiveCfg = Debug|Any CPU
		{1E73699C-4DEF-4E77-A96E-DA55C9A2FEDE}.Debug|Any CPU.Build.0 = Debug|Any CPU
		{1E73699C-4DEF-4E77-A96E-DA55C9A2FEDE}.Development|Any CPU.ActiveCfg = Development|Any CPU
		{1E73699C-4DEF-4E77-A96E-DA55C9A2FEDE}.Development|Any CPU.Build.0 = Development|Any CPU
		{1E73699C-4DEF-4E77-A96E-DA55C9A2FEDE}.Live|Any CPU.ActiveCfg = Live|Any CPU
		{1E73699C-4DEF-4E77-A96E-DA55C9A2FEDE}.Live|Any CPU.Build.0 = Live|Any CPU
		{1E73699C-4DEF-4E77-A96E-DA55C9A2FEDE}.Local|Any CPU.ActiveCfg = Local|Any CPU
		{1E73699C-4DEF-4E77-A96E-DA55C9A2FEDE}.Local|Any CPU.Build.0 = Local|Any CPU
		{1E73699C-4DEF-4E77-A96E-DA55C9A2FEDE}.Release|Any CPU.ActiveCfg = Release|Any CPU
		{1E73699C-4DEF-4E77-A96E-DA55C9A2FEDE}.Release|Any CPU.Build.0 = Release|Any CPU
		{1E73699C-4DEF-4E77-A96E-DA55C9A2FEDE}.Test|Any CPU.ActiveCfg = Test|Any CPU
		{1E73699C-4DEF-4E77-A96E-DA55C9A2FEDE}.Test|Any CPU.Build.0 = Test|Any CPU
		{1E73699C-4DEF-4E77-A96E-DA55C9A2FEDE}.UITest|Any CPU.ActiveCfg = UITest|Any CPU
		{1E73699C-4DEF-4E77-A96E-DA55C9A2FEDE}.UITest|Any CPU.Build.0 = UITest|Any CPU
		{F96878FB-5DA3-4A0A-A2BE-655C475647F1}.Debug|Any CPU.ActiveCfg = Debug|Any CPU
		{F96878FB-5DA3-4A0A-A2BE-655C475647F1}.Debug|Any CPU.Build.0 = Debug|Any CPU
		{F96878FB-5DA3-4A0A-A2BE-655C475647F1}.Development|Any CPU.ActiveCfg = Debug|Any CPU
		{F96878FB-5DA3-4A0A-A2BE-655C475647F1}.Development|Any CPU.Build.0 = Debug|Any CPU
		{F96878FB-5DA3-4A0A-A2BE-655C475647F1}.Live|Any CPU.ActiveCfg = Release|Any CPU
		{F96878FB-5DA3-4A0A-A2BE-655C475647F1}.Live|Any CPU.Build.0 = Release|Any CPU
		{F96878FB-5DA3-4A0A-A2BE-655C475647F1}.Local|Any CPU.ActiveCfg = Debug|Any CPU
		{F96878FB-5DA3-4A0A-A2BE-655C475647F1}.Local|Any CPU.Build.0 = Debug|Any CPU
		{F96878FB-5DA3-4A0A-A2BE-655C475647F1}.Release|Any CPU.ActiveCfg = Release|Any CPU
		{F96878FB-5DA3-4A0A-A2BE-655C475647F1}.Release|Any CPU.Build.0 = Release|Any CPU
		{F96878FB-5DA3-4A0A-A2BE-655C475647F1}.Test|Any CPU.ActiveCfg = Release|Any CPU
		{F96878FB-5DA3-4A0A-A2BE-655C475647F1}.Test|Any CPU.Build.0 = Release|Any CPU
		{F96878FB-5DA3-4A0A-A2BE-655C475647F1}.UITest|Any CPU.ActiveCfg = UITest|Any CPU
		{F96878FB-5DA3-4A0A-A2BE-655C475647F1}.UITest|Any CPU.Build.0 = UITest|Any CPU
		{C12A7783-201A-41D3-88AD-E68C3ED135BD}.Debug|Any CPU.ActiveCfg = Debug|Any CPU
		{C12A7783-201A-41D3-88AD-E68C3ED135BD}.Debug|Any CPU.Build.0 = Debug|Any CPU
		{C12A7783-201A-41D3-88AD-E68C3ED135BD}.Development|Any CPU.ActiveCfg = Debug|Any CPU
		{C12A7783-201A-41D3-88AD-E68C3ED135BD}.Development|Any CPU.Build.0 = Debug|Any CPU
		{C12A7783-201A-41D3-88AD-E68C3ED135BD}.Live|Any CPU.ActiveCfg = Release|Any CPU
		{C12A7783-201A-41D3-88AD-E68C3ED135BD}.Live|Any CPU.Build.0 = Release|Any CPU
		{C12A7783-201A-41D3-88AD-E68C3ED135BD}.Local|Any CPU.ActiveCfg = Debug|Any CPU
		{C12A7783-201A-41D3-88AD-E68C3ED135BD}.Local|Any CPU.Build.0 = Debug|Any CPU
		{C12A7783-201A-41D3-88AD-E68C3ED135BD}.Release|Any CPU.ActiveCfg = Release|Any CPU
		{C12A7783-201A-41D3-88AD-E68C3ED135BD}.Release|Any CPU.Build.0 = Release|Any CPU
		{C12A7783-201A-41D3-88AD-E68C3ED135BD}.Test|Any CPU.ActiveCfg = Release|Any CPU
		{C12A7783-201A-41D3-88AD-E68C3ED135BD}.Test|Any CPU.Build.0 = Release|Any CPU
		{C12A7783-201A-41D3-88AD-E68C3ED135BD}.UITest|Any CPU.ActiveCfg = UITest|Any CPU
		{C12A7783-201A-41D3-88AD-E68C3ED135BD}.UITest|Any CPU.Build.0 = UITest|Any CPU
		{59C44EB9-EC12-4D61-828D-23E9D83873D0}.Debug|Any CPU.ActiveCfg = Debug|Any CPU
		{59C44EB9-EC12-4D61-828D-23E9D83873D0}.Debug|Any CPU.Build.0 = Debug|Any CPU
		{59C44EB9-EC12-4D61-828D-23E9D83873D0}.Development|Any CPU.ActiveCfg = Debug|Any CPU
		{59C44EB9-EC12-4D61-828D-23E9D83873D0}.Development|Any CPU.Build.0 = Debug|Any CPU
		{59C44EB9-EC12-4D61-828D-23E9D83873D0}.Live|Any CPU.ActiveCfg = Release|Any CPU
		{59C44EB9-EC12-4D61-828D-23E9D83873D0}.Live|Any CPU.Build.0 = Release|Any CPU
		{59C44EB9-EC12-4D61-828D-23E9D83873D0}.Local|Any CPU.ActiveCfg = Debug|Any CPU
		{59C44EB9-EC12-4D61-828D-23E9D83873D0}.Local|Any CPU.Build.0 = Debug|Any CPU
		{59C44EB9-EC12-4D61-828D-23E9D83873D0}.Release|Any CPU.ActiveCfg = Release|Any CPU
		{59C44EB9-EC12-4D61-828D-23E9D83873D0}.Release|Any CPU.Build.0 = Release|Any CPU
		{59C44EB9-EC12-4D61-828D-23E9D83873D0}.Test|Any CPU.ActiveCfg = Release|Any CPU
		{59C44EB9-EC12-4D61-828D-23E9D83873D0}.Test|Any CPU.Build.0 = Release|Any CPU
		{59C44EB9-EC12-4D61-828D-23E9D83873D0}.UITest|Any CPU.ActiveCfg = UITest|Any CPU
		{59C44EB9-EC12-4D61-828D-23E9D83873D0}.UITest|Any CPU.Build.0 = UITest|Any CPU
		{AEDED15E-FDE8-4D19-A593-CB47BEFD0287}.Debug|Any CPU.ActiveCfg = Debug|Any CPU
		{AEDED15E-FDE8-4D19-A593-CB47BEFD0287}.Debug|Any CPU.Build.0 = Debug|Any CPU
		{AEDED15E-FDE8-4D19-A593-CB47BEFD0287}.Development|Any CPU.ActiveCfg = Debug|Any CPU
		{AEDED15E-FDE8-4D19-A593-CB47BEFD0287}.Development|Any CPU.Build.0 = Debug|Any CPU
		{AEDED15E-FDE8-4D19-A593-CB47BEFD0287}.Live|Any CPU.ActiveCfg = Release|Any CPU
		{AEDED15E-FDE8-4D19-A593-CB47BEFD0287}.Live|Any CPU.Build.0 = Release|Any CPU
		{AEDED15E-FDE8-4D19-A593-CB47BEFD0287}.Local|Any CPU.ActiveCfg = Local|Any CPU
		{AEDED15E-FDE8-4D19-A593-CB47BEFD0287}.Local|Any CPU.Build.0 = Local|Any CPU
		{AEDED15E-FDE8-4D19-A593-CB47BEFD0287}.Release|Any CPU.ActiveCfg = Release|Any CPU
		{AEDED15E-FDE8-4D19-A593-CB47BEFD0287}.Release|Any CPU.Build.0 = Release|Any CPU
		{AEDED15E-FDE8-4D19-A593-CB47BEFD0287}.Test|Any CPU.ActiveCfg = Release|Any CPU
		{AEDED15E-FDE8-4D19-A593-CB47BEFD0287}.Test|Any CPU.Build.0 = Release|Any CPU
		{AEDED15E-FDE8-4D19-A593-CB47BEFD0287}.UITest|Any CPU.ActiveCfg = UITest|Any CPU
		{AEDED15E-FDE8-4D19-A593-CB47BEFD0287}.UITest|Any CPU.Build.0 = UITest|Any CPU
		{1FBE03F4-8FBC-44EF-BD58-A8F6DCD8F64E}.Debug|Any CPU.ActiveCfg = Debug|Any CPU
		{1FBE03F4-8FBC-44EF-BD58-A8F6DCD8F64E}.Debug|Any CPU.Build.0 = Debug|Any CPU
		{1FBE03F4-8FBC-44EF-BD58-A8F6DCD8F64E}.Development|Any CPU.ActiveCfg = Debug|Any CPU
		{1FBE03F4-8FBC-44EF-BD58-A8F6DCD8F64E}.Development|Any CPU.Build.0 = Debug|Any CPU
		{1FBE03F4-8FBC-44EF-BD58-A8F6DCD8F64E}.Live|Any CPU.ActiveCfg = Release|Any CPU
		{1FBE03F4-8FBC-44EF-BD58-A8F6DCD8F64E}.Live|Any CPU.Build.0 = Release|Any CPU
		{1FBE03F4-8FBC-44EF-BD58-A8F6DCD8F64E}.Local|Any CPU.ActiveCfg = Debug|Any CPU
		{1FBE03F4-8FBC-44EF-BD58-A8F6DCD8F64E}.Local|Any CPU.Build.0 = Debug|Any CPU
		{1FBE03F4-8FBC-44EF-BD58-A8F6DCD8F64E}.Release|Any CPU.ActiveCfg = Release|Any CPU
		{1FBE03F4-8FBC-44EF-BD58-A8F6DCD8F64E}.Release|Any CPU.Build.0 = Release|Any CPU
		{1FBE03F4-8FBC-44EF-BD58-A8F6DCD8F64E}.Test|Any CPU.ActiveCfg = Release|Any CPU
		{1FBE03F4-8FBC-44EF-BD58-A8F6DCD8F64E}.Test|Any CPU.Build.0 = Release|Any CPU
		{1FBE03F4-8FBC-44EF-BD58-A8F6DCD8F64E}.UITest|Any CPU.ActiveCfg = UITest|Any CPU
		{1FBE03F4-8FBC-44EF-BD58-A8F6DCD8F64E}.UITest|Any CPU.Build.0 = UITest|Any CPU
		{EEEC2992-16F8-4360-A270-D81F06397928}.Debug|Any CPU.ActiveCfg = Debug|Any CPU
		{EEEC2992-16F8-4360-A270-D81F06397928}.Debug|Any CPU.Build.0 = Debug|Any CPU
		{EEEC2992-16F8-4360-A270-D81F06397928}.Development|Any CPU.ActiveCfg = Debug|Any CPU
		{EEEC2992-16F8-4360-A270-D81F06397928}.Development|Any CPU.Build.0 = Debug|Any CPU
		{EEEC2992-16F8-4360-A270-D81F06397928}.Live|Any CPU.ActiveCfg = Release|Any CPU
		{EEEC2992-16F8-4360-A270-D81F06397928}.Live|Any CPU.Build.0 = Release|Any CPU
		{EEEC2992-16F8-4360-A270-D81F06397928}.Local|Any CPU.ActiveCfg = Debug|Any CPU
		{EEEC2992-16F8-4360-A270-D81F06397928}.Local|Any CPU.Build.0 = Debug|Any CPU
		{EEEC2992-16F8-4360-A270-D81F06397928}.Release|Any CPU.ActiveCfg = Release|Any CPU
		{EEEC2992-16F8-4360-A270-D81F06397928}.Release|Any CPU.Build.0 = Release|Any CPU
		{EEEC2992-16F8-4360-A270-D81F06397928}.Test|Any CPU.ActiveCfg = Release|Any CPU
		{EEEC2992-16F8-4360-A270-D81F06397928}.Test|Any CPU.Build.0 = Release|Any CPU
		{EEEC2992-16F8-4360-A270-D81F06397928}.UITest|Any CPU.ActiveCfg = UITest|Any CPU
		{EEEC2992-16F8-4360-A270-D81F06397928}.UITest|Any CPU.Build.0 = UITest|Any CPU
		{48C5FB3D-F59B-479B-8A77-93244E4A40BC}.Debug|Any CPU.ActiveCfg = Debug|Any CPU
		{48C5FB3D-F59B-479B-8A77-93244E4A40BC}.Debug|Any CPU.Build.0 = Debug|Any CPU
		{48C5FB3D-F59B-479B-8A77-93244E4A40BC}.Development|Any CPU.ActiveCfg = Development|Any CPU
		{48C5FB3D-F59B-479B-8A77-93244E4A40BC}.Development|Any CPU.Build.0 = Development|Any CPU
		{48C5FB3D-F59B-479B-8A77-93244E4A40BC}.Live|Any CPU.ActiveCfg = Live|Any CPU
		{48C5FB3D-F59B-479B-8A77-93244E4A40BC}.Live|Any CPU.Build.0 = Live|Any CPU
		{48C5FB3D-F59B-479B-8A77-93244E4A40BC}.Local|Any CPU.ActiveCfg = Local|Any CPU
		{48C5FB3D-F59B-479B-8A77-93244E4A40BC}.Local|Any CPU.Build.0 = Local|Any CPU
		{48C5FB3D-F59B-479B-8A77-93244E4A40BC}.Release|Any CPU.ActiveCfg = Release|Any CPU
		{48C5FB3D-F59B-479B-8A77-93244E4A40BC}.Release|Any CPU.Build.0 = Release|Any CPU
		{48C5FB3D-F59B-479B-8A77-93244E4A40BC}.Test|Any CPU.ActiveCfg = Test|Any CPU
		{48C5FB3D-F59B-479B-8A77-93244E4A40BC}.Test|Any CPU.Build.0 = Test|Any CPU
		{48C5FB3D-F59B-479B-8A77-93244E4A40BC}.UITest|Any CPU.ActiveCfg = UITest|Any CPU
		{48C5FB3D-F59B-479B-8A77-93244E4A40BC}.UITest|Any CPU.Build.0 = UITest|Any CPU
		{3A0CF571-B221-4FE4-A3AE-6B042C40F268}.Debug|Any CPU.ActiveCfg = Debug|Any CPU
		{3A0CF571-B221-4FE4-A3AE-6B042C40F268}.Debug|Any CPU.Build.0 = Debug|Any CPU
		{3A0CF571-B221-4FE4-A3AE-6B042C40F268}.Development|Any CPU.ActiveCfg = Development|Any CPU
		{3A0CF571-B221-4FE4-A3AE-6B042C40F268}.Development|Any CPU.Build.0 = Development|Any CPU
		{3A0CF571-B221-4FE4-A3AE-6B042C40F268}.Live|Any CPU.ActiveCfg = Live|Any CPU
		{3A0CF571-B221-4FE4-A3AE-6B042C40F268}.Live|Any CPU.Build.0 = Live|Any CPU
		{3A0CF571-B221-4FE4-A3AE-6B042C40F268}.Local|Any CPU.ActiveCfg = Local|Any CPU
		{3A0CF571-B221-4FE4-A3AE-6B042C40F268}.Local|Any CPU.Build.0 = Local|Any CPU
		{3A0CF571-B221-4FE4-A3AE-6B042C40F268}.Release|Any CPU.ActiveCfg = Release|Any CPU
		{3A0CF571-B221-4FE4-A3AE-6B042C40F268}.Release|Any CPU.Build.0 = Release|Any CPU
		{3A0CF571-B221-4FE4-A3AE-6B042C40F268}.Test|Any CPU.ActiveCfg = Test|Any CPU
		{3A0CF571-B221-4FE4-A3AE-6B042C40F268}.Test|Any CPU.Build.0 = Test|Any CPU
		{3A0CF571-B221-4FE4-A3AE-6B042C40F268}.UITest|Any CPU.ActiveCfg = UITest|Any CPU
		{3A0CF571-B221-4FE4-A3AE-6B042C40F268}.UITest|Any CPU.Build.0 = UITest|Any CPU
		{F3C5906A-DAFD-49A0-A71E-AB0E3E8AF9CE}.Debug|Any CPU.ActiveCfg = Debug|Any CPU
		{F3C5906A-DAFD-49A0-A71E-AB0E3E8AF9CE}.Debug|Any CPU.Build.0 = Debug|Any CPU
		{F3C5906A-DAFD-49A0-A71E-AB0E3E8AF9CE}.Development|Any CPU.ActiveCfg = Development|Any CPU
		{F3C5906A-DAFD-49A0-A71E-AB0E3E8AF9CE}.Development|Any CPU.Build.0 = Development|Any CPU
		{F3C5906A-DAFD-49A0-A71E-AB0E3E8AF9CE}.Live|Any CPU.ActiveCfg = Live|Any CPU
		{F3C5906A-DAFD-49A0-A71E-AB0E3E8AF9CE}.Live|Any CPU.Build.0 = Live|Any CPU
		{F3C5906A-DAFD-49A0-A71E-AB0E3E8AF9CE}.Local|Any CPU.ActiveCfg = Local|Any CPU
		{F3C5906A-DAFD-49A0-A71E-AB0E3E8AF9CE}.Local|Any CPU.Build.0 = Local|Any CPU
		{F3C5906A-DAFD-49A0-A71E-AB0E3E8AF9CE}.Release|Any CPU.ActiveCfg = Release|Any CPU
		{F3C5906A-DAFD-49A0-A71E-AB0E3E8AF9CE}.Release|Any CPU.Build.0 = Release|Any CPU
		{F3C5906A-DAFD-49A0-A71E-AB0E3E8AF9CE}.Test|Any CPU.ActiveCfg = Test|Any CPU
		{F3C5906A-DAFD-49A0-A71E-AB0E3E8AF9CE}.Test|Any CPU.Build.0 = Test|Any CPU
		{F3C5906A-DAFD-49A0-A71E-AB0E3E8AF9CE}.UITest|Any CPU.ActiveCfg = UITest|Any CPU
		{F3C5906A-DAFD-49A0-A71E-AB0E3E8AF9CE}.UITest|Any CPU.Build.0 = UITest|Any CPU
	EndGlobalSection
	GlobalSection(SolutionProperties) = preSolution
		HideSolutionNode = FALSE
	EndGlobalSection
	GlobalSection(NestedProjects) = preSolution
		{0AD1F01E-E2E0-460B-B726-DC74A07E0A69} = {A049304D-AC03-4E92-B557-2606DC9156AE}
		{1E73699C-4DEF-4E77-A96E-DA55C9A2FEDE} = {B33AF519-D00B-487D-8FC1-BABB76516AF1}
		{F96878FB-5DA3-4A0A-A2BE-655C475647F1} = {C1CC249B-DC23-4751-B53E-BA60DC7B9669}
		{C12A7783-201A-41D3-88AD-E68C3ED135BD} = {1E3C6E1A-EEA4-45E1-A685-0A9278545FCE}
		{59C44EB9-EC12-4D61-828D-23E9D83873D0} = {A049304D-AC03-4E92-B557-2606DC9156AE}
		{AEDED15E-FDE8-4D19-A593-CB47BEFD0287} = {A049304D-AC03-4E92-B557-2606DC9156AE}
		{1FBE03F4-8FBC-44EF-BD58-A8F6DCD8F64E} = {73FD6C71-CB3A-4C75-9136-4D2D3CAC0E1C}
		{EEEC2992-16F8-4360-A270-D81F06397928} = {A049304D-AC03-4E92-B557-2606DC9156AE}
		{48C5FB3D-F59B-479B-8A77-93244E4A40BC} = {B33AF519-D00B-487D-8FC1-BABB76516AF1}
		{3A0CF571-B221-4FE4-A3AE-6B042C40F268} = {B33AF519-D00B-487D-8FC1-BABB76516AF1}
		{F3C5906A-DAFD-49A0-A71E-AB0E3E8AF9CE} = {A049304D-AC03-4E92-B557-2606DC9156AE}
		{6CD1B341-B920-4DA9-8DCD-70DD88BD946C} = {D708A8BA-BFB2-4FBD-8136-815F349DF016}
	EndGlobalSection
	GlobalSection(ExtensibilityGlobals) = postSolution
		SolutionGuid = {C84D9009-F9BE-444B-B4B7-087ACACE9EEF}
	EndGlobalSection
EndGlobal
